
Microsoft Visual Studio Solution File, Format Version 12.00
# Visual Studio Version 17
VisualStudioVersion = 17.11.35312.102
MinimumVisualStudioVersion = 10.0.40219.1
Project("{FAE04EC0-301F-11D3-BF4B-00C04F79EFBC}") = "FileUploadWithLikes.Web", "FileUploadWithLikes.Web\FileUploadWithLikes.Web.csproj", "{95AB54D1-91E7-47F1-81A0-4C5F8E0527DE}"
EndProject
Project("{FAE04EC0-301F-11D3-BF4B-00C04F79EFBC}") = "FileUploadWithLikes.Data", "FileUploadWithLikes.Data\FileUploadWithLikes.Data.csproj", "{8D5BDC55-B412-41FE-8C7C-C4D70984CE06}"
EndProject
Global
	GlobalSection(SolutionConfigurationPlatforms) = preSolution
		Debug|Any CPU = Debug|Any CPU
		Release|Any CPU = Release|Any CPU
	EndGlobalSection
	GlobalSection(ProjectConfigurationPlatforms) = postSolution
		{95AB54D1-91E7-47F1-81A0-4C5F8E0527DE}.Debug|Any CPU.ActiveCfg = Debug|Any CPU
		{95AB54D1-91E7-47F1-81A0-4C5F8E0527DE}.Debug|Any CPU.Build.0 = Debug|Any CPU
		{95AB54D1-91E7-47F1-81A0-4C5F8E0527DE}.Release|Any CPU.ActiveCfg = Release|Any CPU
		{95AB54D1-91E7-47F1-81A0-4C5F8E0527DE}.Release|Any CPU.Build.0 = Release|Any CPU
		{8D5BDC55-B412-41FE-8C7C-C4D70984CE06}.Debug|Any CPU.ActiveCfg = Debug|Any CPU
		{8D5BDC55-B412-41FE-8C7C-C4D70984CE06}.Debug|Any CPU.Build.0 = Debug|Any CPU
		{8D5BDC55-B412-41FE-8C7C-C4D70984CE06}.Release|Any CPU.ActiveCfg = Release|Any CPU
		{8D5BDC55-B412-41FE-8C7C-C4D70984CE06}.Release|Any CPU.Build.0 = Release|Any CPU
	EndGlobalSection
	GlobalSection(SolutionProperties) = preSolution
		HideSolutionNode = FALSE
	EndGlobalSection
	GlobalSection(ExtensibilityGlobals) = postSolution
		SolutionGuid = {44F9B18A-B1CD-4190-A3AF-C93D3002A394}
	EndGlobalSection
EndGlobal
